version = 1
requires-python = ">=3.8"

[[package]]
name = "pillow"
version = "10.4.0"
source = { registry = "https://pypi.org/simple" }
sdist = { url = "https://files.pythonhosted.org/packages/cd/74/ad3d526f3bf7b6d3f408b73fde271ec69dfac8b81341a318ce825f2b3812/pillow-10.4.0.tar.gz", hash = "sha256:166c1cd4d24309b30d61f79f4a9114b7b2313d7450912277855ff5dfd7cd4a06", size = 46555059 }
wheels = [
    { url = "https://files.pythonhosted.org/packages/0e/69/a31cccd538ca0b5272be2a38347f8839b97a14be104ea08b0db92f749c74/pillow-10.4.0-cp310-cp310-macosx_10_10_x86_64.whl", hash = "sha256:4d9667937cfa347525b319ae34375c37b9ee6b525440f3ef48542fcf66f2731e", size = 3509271 },
    { url = "https://files.pythonhosted.org/packages/9a/9e/4143b907be8ea0bce215f2ae4f7480027473f8b61fcedfda9d851082a5d2/pillow-10.4.0-cp310-cp310-macosx_11_0_arm64.whl", hash = "sha256:543f3dc61c18dafb755773efc89aae60d06b6596a63914107f75459cf984164d", size = 3375658 },
    { url = "https://files.pythonhosted.org/packages/8a/25/1fc45761955f9359b1169aa75e241551e74ac01a09f487adaaf4c3472d11/pillow-10.4.0-cp310-cp310-manylinux_2_17_aarch64.manylinux2014_aarch64.whl", hash = "sha256:7928ecbf1ece13956b95d9cbcfc77137652b02763ba384d9ab508099a2eca856", size = 4332075 },
    { url = "https://files.pythonhosted.org/packages/5e/dd/425b95d0151e1d6c951f45051112394f130df3da67363b6bc75dc4c27aba/pillow-10.4.0-cp310-cp310-manylinux_2_17_x86_64.manylinux2014_x86_64.whl", hash = "sha256:e4d49b85c4348ea0b31ea63bc75a9f3857869174e2bf17e7aba02945cd218e6f", size = 4444808 },
    { url = "https://files.pythonhosted.org/packages/b1/84/9a15cc5726cbbfe7f9f90bfb11f5d028586595907cd093815ca6644932e3/pillow-10.4.0-cp310-cp310-manylinux_2_28_aarch64.whl", hash = "sha256:6c762a5b0997f5659a5ef2266abc1d8851ad7749ad9a6a5506eb23d314e4f46b", size = 4356290 },
    { url = "https://files.pythonhosted.org/packages/b5/5b/6651c288b08df3b8c1e2f8c1152201e0b25d240e22ddade0f1e242fc9fa0/pillow-10.4.0-cp310-cp310-manylinux_2_28_x86_64.whl", hash = "sha256:a985e028fc183bf12a77a8bbf36318db4238a3ded7fa9df1b9a133f1cb79f8fc", size = 4525163 },
    { url = "https://files.pythonhosted.org/packages/07/8b/34854bf11a83c248505c8cb0fcf8d3d0b459a2246c8809b967963b6b12ae/pillow-10.4.0-cp310-cp310-musllinux_1_2_aarch64.whl", hash = "sha256:812f7342b0eee081eaec84d91423d1b4650bb9828eb53d8511bcef8ce5aecf1e", size = 4463100 },
    { url = "https://files.pythonhosted.org/packages/78/63/0632aee4e82476d9cbe5200c0cdf9ba41ee04ed77887432845264d81116d/pillow-10.4.0-cp310-cp310-musllinux_1_2_x86_64.whl", hash = "sha256:ac1452d2fbe4978c2eec89fb5a23b8387aba707ac72810d9490118817d9c0b46", size = 4592880 },
    { url = "https://files.pythonhosted.org/packages/df/56/b8663d7520671b4398b9d97e1ed9f583d4afcbefbda3c6188325e8c297bd/pillow-10.4.0-cp310-cp310-win32.whl", hash = "sha256:bcd5e41a859bf2e84fdc42f4edb7d9aba0a13d29a2abadccafad99de3feff984", size = 2235218 },
    { url = "https://files.pythonhosted.org/packages/f4/72/0203e94a91ddb4a9d5238434ae6c1ca10e610e8487036132ea9bf806ca2a/pillow-10.4.0-cp310-cp310-win_amd64.whl", hash = "sha256:ecd85a8d3e79cd7158dec1c9e5808e821feea088e2f69a974db5edf84dc53141", size = 2554487 },
    { url = "https://files.pythonhosted.org/packages/bd/52/7e7e93d7a6e4290543f17dc6f7d3af4bd0b3dd9926e2e8a35ac2282bc5f4/pillow-10.4.0-cp310-cp310-win_arm64.whl", hash = "sha256:ff337c552345e95702c5fde3158acb0625111017d0e5f24bf3acdb9cc16b90d1", size = 2243219 },
    { url = "https://files.pythonhosted.org/packages/a7/62/c9449f9c3043c37f73e7487ec4ef0c03eb9c9afc91a92b977a67b3c0bbc5/pillow-10.4.0-cp311-cp311-macosx_10_10_x86_64.whl", hash = "sha256:0a9ec697746f268507404647e531e92889890a087e03681a3606d9b920fbee3c", size = 3509265 },
    { url = "https://files.pythonhosted.org/packages/f4/5f/491dafc7bbf5a3cc1845dc0430872e8096eb9e2b6f8161509d124594ec2d/pillow-10.4.0-cp311-cp311-macosx_11_0_arm64.whl", hash = "sha256:dfe91cb65544a1321e631e696759491ae04a2ea11d36715eca01ce07284738be", size = 3375655 },
    { url = "https://files.pythonhosted.org/packages/73/d5/c4011a76f4207a3c151134cd22a1415741e42fa5ddecec7c0182887deb3d/pillow-10.4.0-cp311-cp311-manylinux_2_17_aarch64.manylinux2014_aarch64.whl", hash = "sha256:5dc6761a6efc781e6a1544206f22c80c3af4c8cf461206d46a1e6006e4429ff3", size = 4340304 },
    { url = "https://files.pythonhosted.org/packages/ac/10/c67e20445a707f7a610699bba4fe050583b688d8cd2d202572b257f46600/pillow-10.4.0-cp311-cp311-manylinux_2_17_x86_64.manylinux2014_x86_64.whl", hash = "sha256:5e84b6cc6a4a3d76c153a6b19270b3526a5a8ed6b09501d3af891daa2a9de7d6", size = 4452804 },
    { url = "https://files.pythonhosted.org/packages/a9/83/6523837906d1da2b269dee787e31df3b0acb12e3d08f024965a3e7f64665/pillow-10.4.0-cp311-cp311-manylinux_2_28_aarch64.whl", hash = "sha256:bbc527b519bd3aa9d7f429d152fea69f9ad37c95f0b02aebddff592688998abe", size = 4365126 },
    { url = "https://files.pythonhosted.org/packages/ba/e5/8c68ff608a4203085158cff5cc2a3c534ec384536d9438c405ed6370d080/pillow-10.4.0-cp311-cp311-manylinux_2_28_x86_64.whl", hash = "sha256:76a911dfe51a36041f2e756b00f96ed84677cdeb75d25c767f296c1c1eda1319", size = 4533541 },
    { url = "https://files.pythonhosted.org/packages/f4/7c/01b8dbdca5bc6785573f4cee96e2358b0918b7b2c7b60d8b6f3abf87a070/pillow-10.4.0-cp311-cp311-musllinux_1_2_aarch64.whl", hash = "sha256:59291fb29317122398786c2d44427bbd1a6d7ff54017075b22be9d21aa59bd8d", size = 4471616 },
    { url = "https://files.pythonhosted.org/packages/c8/57/2899b82394a35a0fbfd352e290945440e3b3785655a03365c0ca8279f351/pillow-10.4.0-cp311-cp311-musllinux_1_2_x86_64.whl", hash = "sha256:416d3a5d0e8cfe4f27f574362435bc9bae57f679a7158e0096ad2beb427b8696", size = 4600802 },
    { url = "https://files.pythonhosted.org/packages/4d/d7/a44f193d4c26e58ee5d2d9db3d4854b2cfb5b5e08d360a5e03fe987c0086/pillow-10.4.0-cp311-cp311-win32.whl", hash = "sha256:7086cc1d5eebb91ad24ded9f58bec6c688e9f0ed7eb3dbbf1e4800280a896496", size = 2235213 },
    { url = "https://files.pythonhosted.org/packages/c1/d0/5866318eec2b801cdb8c82abf190c8343d8a1cd8bf5a0c17444a6f268291/pillow-10.4.0-cp311-cp311-win_amd64.whl", hash = "sha256:cbed61494057c0f83b83eb3a310f0bf774b09513307c434d4366ed64f4128a91", size = 2554498 },
    { url = "https://files.pythonhosted.org/packages/d4/c8/310ac16ac2b97e902d9eb438688de0d961660a87703ad1561fd3dfbd2aa0/pillow-10.4.0-cp311-cp311-win_arm64.whl", hash = "sha256:f5f0c3e969c8f12dd2bb7e0b15d5c468b51e5017e01e2e867335c81903046a22", size = 2243219 },
    { url = "https://files.pythonhosted.org/packages/05/cb/0353013dc30c02a8be34eb91d25e4e4cf594b59e5a55ea1128fde1e5f8ea/pillow-10.4.0-cp312-cp312-macosx_10_10_x86_64.whl", hash = "sha256:673655af3eadf4df6b5457033f086e90299fdd7a47983a13827acf7459c15d94", size = 3509350 },
    { url = "https://files.pythonhosted.org/packages/e7/cf/5c558a0f247e0bf9cec92bff9b46ae6474dd736f6d906315e60e4075f737/pillow-10.4.0-cp312-cp312-macosx_11_0_arm64.whl", hash = "sha256:866b6942a92f56300012f5fbac71f2d610312ee65e22f1aa2609e491284e5597", size = 3374980 },
    { url = "https://files.pythonhosted.org/packages/84/48/6e394b86369a4eb68b8a1382c78dc092245af517385c086c5094e3b34428/pillow-10.4.0-cp312-cp312-manylinux_2_17_aarch64.manylinux2014_aarch64.whl", hash = "sha256:29dbdc4207642ea6aad70fbde1a9338753d33fb23ed6956e706936706f52dd80", size = 4343799 },
    { url = "https://files.pythonhosted.org/packages/3b/f3/a8c6c11fa84b59b9df0cd5694492da8c039a24cd159f0f6918690105c3be/pillow-10.4.0-cp312-cp312-manylinux_2_17_x86_64.manylinux2014_x86_64.whl", hash = "sha256:bf2342ac639c4cf38799a44950bbc2dfcb685f052b9e262f446482afaf4bffca", size = 4459973 },
    { url = "https://files.pythonhosted.org/packages/7d/1b/c14b4197b80150fb64453585247e6fb2e1d93761fa0fa9cf63b102fde822/pillow-10.4.0-cp312-cp312-manylinux_2_28_aarch64.whl", hash = "sha256:f5b92f4d70791b4a67157321c4e8225d60b119c5cc9aee8ecf153aace4aad4ef", size = 4370054 },
    { url = "https://files.pythonhosted.org/packages/55/77/40daddf677897a923d5d33329acd52a2144d54a9644f2a5422c028c6bf2d/pillow-10.4.0-cp312-cp312-manylinux_2_28_x86_64.whl", hash = "sha256:86dcb5a1eb778d8b25659d5e4341269e8590ad6b4e8b44d9f4b07f8d136c414a", size = 4539484 },
    { url = "https://files.pythonhosted.org/packages/40/54/90de3e4256b1207300fb2b1d7168dd912a2fb4b2401e439ba23c2b2cabde/pillow-10.4.0-cp312-cp312-musllinux_1_2_aarch64.whl", hash = "sha256:780c072c2e11c9b2c7ca37f9a2ee8ba66f44367ac3e5c7832afcfe5104fd6d1b", size = 4477375 },
    { url = "https://files.pythonhosted.org/packages/13/24/1bfba52f44193860918ff7c93d03d95e3f8748ca1de3ceaf11157a14cf16/pillow-10.4.0-cp312-cp312-musllinux_1_2_x86_64.whl", hash = "sha256:37fb69d905be665f68f28a8bba3c6d3223c8efe1edf14cc4cfa06c241f8c81d9", size = 4608773 },
    { url = "https://files.pythonhosted.org/packages/55/04/5e6de6e6120451ec0c24516c41dbaf80cce1b6451f96561235ef2429da2e/pillow-10.4.0-cp312-cp312-win32.whl", hash = "sha256:7dfecdbad5c301d7b5bde160150b4db4c659cee2b69589705b6f8a0c509d9f42", size = 2235690 },
    { url = "https://files.pythonhosted.org/packages/74/0a/d4ce3c44bca8635bd29a2eab5aa181b654a734a29b263ca8efe013beea98/pillow-10.4.0-cp312-cp312-win_amd64.whl", hash = "sha256:1d846aea995ad352d4bdcc847535bd56e0fd88d36829d2c90be880ef1ee4668a", size = 2554951 },
    { url = "https://files.pythonhosted.org/packages/b5/ca/184349ee40f2e92439be9b3502ae6cfc43ac4b50bc4fc6b3de7957563894/pillow-10.4.0-cp312-cp312-win_arm64.whl", hash = "sha256:e553cad5179a66ba15bb18b353a19020e73a7921296a7979c4a2b7f6a5cd57f9", size = 2243427 },
    { url = "https://files.pythonhosted.org/packages/c3/00/706cebe7c2c12a6318aabe5d354836f54adff7156fd9e1bd6c89f4ba0e98/pillow-10.4.0-cp313-cp313-macosx_10_13_x86_64.whl", hash = "sha256:8bc1a764ed8c957a2e9cacf97c8b2b053b70307cf2996aafd70e91a082e70df3", size = 3525685 },
    { url = "https://files.pythonhosted.org/packages/cf/76/f658cbfa49405e5ecbfb9ba42d07074ad9792031267e782d409fd8fe7c69/pillow-10.4.0-cp313-cp313-macosx_11_0_arm64.whl", hash = "sha256:6209bb41dc692ddfee4942517c19ee81b86c864b626dbfca272ec0f7cff5d9fb", size = 3374883 },
    { url = "https://files.pythonhosted.org/packages/46/2b/99c28c4379a85e65378211971c0b430d9c7234b1ec4d59b2668f6299e011/pillow-10.4.0-cp313-cp313-manylinux_2_17_aarch64.manylinux2014_aarch64.whl", hash = "sha256:bee197b30783295d2eb680b311af15a20a8b24024a19c3a26431ff83eb8d1f70", size = 4339837 },
    { url = "https://files.pythonhosted.org/packages/f1/74/b1ec314f624c0c43711fdf0d8076f82d9d802afd58f1d62c2a86878e8615/pillow-10.4.0-cp313-cp313-manylinux_2_17_x86_64.manylinux2014_x86_64.whl", hash = "sha256:1ef61f5dd14c300786318482456481463b9d6b91ebe5ef12f405afbba77ed0be", size = 4455562 },
    { url = "https://files.pythonhosted.org/packages/4a/2a/4b04157cb7b9c74372fa867096a1607e6fedad93a44deeff553ccd307868/pillow-10.4.0-cp313-cp313-manylinux_2_28_aarch64.whl", hash = "sha256:297e388da6e248c98bc4a02e018966af0c5f92dfacf5a5ca22fa01cb3179bca0", size = 4366761 },
    { url = "https://files.pythonhosted.org/packages/ac/7b/8f1d815c1a6a268fe90481232c98dd0e5fa8c75e341a75f060037bd5ceae/pillow-10.4.0-cp313-cp313-manylinux_2_28_x86_64.whl", hash = "sha256:e4db64794ccdf6cb83a59d73405f63adbe2a1887012e308828596100a0b2f6cc", size = 4536767 },
    { url = "https://files.pythonhosted.org/packages/e5/77/05fa64d1f45d12c22c314e7b97398ffb28ef2813a485465017b7978b3ce7/pillow-10.4.0-cp313-cp313-musllinux_1_2_aarch64.whl", hash = "sha256:bd2880a07482090a3bcb01f4265f1936a903d70bc740bfcb1fd4e8a2ffe5cf5a", size = 4477989 },
    { url = "https://files.pythonhosted.org/packages/12/63/b0397cfc2caae05c3fb2f4ed1b4fc4fc878f0243510a7a6034ca59726494/pillow-10.4.0-cp313-cp313-musllinux_1_2_x86_64.whl", hash = "sha256:4b35b21b819ac1dbd1233317adeecd63495f6babf21b7b2512d244ff6c6ce309", size = 4610255 },
    { url = "https://files.pythonhosted.org/packages/7b/f9/cfaa5082ca9bc4a6de66ffe1c12c2d90bf09c309a5f52b27759a596900e7/pillow-10.4.0-cp313-cp313-win32.whl", hash = "sha256:551d3fd6e9dc15e4c1eb6fc4ba2b39c0c7933fa113b220057a34f4bb3268a060", size = 2235603 },
    { url = "https://files.pythonhosted.org/packages/01/6a/30ff0eef6e0c0e71e55ded56a38d4859bf9d3634a94a88743897b5f96936/pillow-10.4.0-cp313-cp313-win_amd64.whl", hash = "sha256:030abdbe43ee02e0de642aee345efa443740aa4d828bfe8e2eb11922ea6a21ea", size = 2554972 },
    { url = "https://files.pythonhosted.org/packages/48/2c/2e0a52890f269435eee38b21c8218e102c621fe8d8df8b9dd06fabf879ba/pillow-10.4.0-cp313-cp313-win_arm64.whl", hash = "sha256:5b001114dd152cfd6b23befeb28d7aee43553e2402c9f159807bf55f33af8a8d", size = 2243375 },
    { url = "https://files.pythonhosted.org/packages/56/70/f40009702a477ce87d8d9faaa4de51d6562b3445d7a314accd06e4ffb01d/pillow-10.4.0-cp38-cp38-macosx_10_10_x86_64.whl", hash = "sha256:8d4d5063501b6dd4024b8ac2f04962d661222d120381272deea52e3fc52d3736", size = 3509213 },
    { url = "https://files.pythonhosted.org/packages/10/43/105823d233c5e5d31cea13428f4474ded9d961652307800979a59d6a4276/pillow-10.4.0-cp38-cp38-macosx_11_0_arm64.whl", hash = "sha256:7c1ee6f42250df403c5f103cbd2768a28fe1a0ea1f0f03fe151c8741e1469c8b", size = 3375883 },
    { url = "https://files.pythonhosted.org/packages/3c/ad/7850c10bac468a20c918f6a5dbba9ecd106ea1cdc5db3c35e33a60570408/pillow-10.4.0-cp38-cp38-manylinux_2_17_aarch64.manylinux2014_aarch64.whl", hash = "sha256:b15e02e9bb4c21e39876698abf233c8c579127986f8207200bc8a8f6bb27acf2", size = 4330810 },
    { url = "https://files.pythonhosted.org/packages/84/4c/69bbed9e436ac22f9ed193a2b64f64d68fcfbc9f4106249dc7ed4889907b/pillow-10.4.0-cp38-cp38-manylinux_2_17_x86_64.manylinux2014_x86_64.whl", hash = "sha256:7a8d4bade9952ea9a77d0c3e49cbd8b2890a399422258a77f357b9cc9be8d680", size = 4444341 },
    { url = "https://files.pythonhosted.org/packages/8f/4f/c183c63828a3f37bf09644ce94cbf72d4929b033b109160a5379c2885932/pillow-10.4.0-cp38-cp38-manylinux_2_28_aarch64.whl", hash = "sha256:43efea75eb06b95d1631cb784aa40156177bf9dd5b4b03ff38979e048258bc6b", size = 4356005 },
    { url = "https://files.pythonhosted.org/packages/fb/ad/435fe29865f98a8fbdc64add8875a6e4f8c97749a93577a8919ec6f32c64/pillow-10.4.0-cp38-cp38-manylinux_2_28_x86_64.whl", hash = "sha256:950be4d8ba92aca4b2bb0741285a46bfae3ca699ef913ec8416c1b78eadd64cd", size = 4525201 },
    { url = "https://files.pythonhosted.org/packages/80/74/be8bf8acdfd70e91f905a12ae13cfb2e17c0f1da745c40141e26d0971ff5/pillow-10.4.0-cp38-cp38-musllinux_1_2_aarch64.whl", hash = "sha256:d7480af14364494365e89d6fddc510a13e5a2c3584cb19ef65415ca57252fb84", size = 4460635 },
    { url = "https://files.pythonhosted.org/packages/e4/90/763616e66dc9ad59c9b7fb58f863755e7934ef122e52349f62c7742b82d3/pillow-10.4.0-cp38-cp38-musllinux_1_2_x86_64.whl", hash = "sha256:73664fe514b34c8f02452ffb73b7a92c6774e39a647087f83d67f010eb9a0cf0", size = 4590283 },
    { url = "https://files.pythonhosted.org/packages/69/66/03002cb5b2c27bb519cba63b9f9aa3709c6f7a5d3b285406c01f03fb77e5/pillow-10.4.0-cp38-cp38-win32.whl", hash = "sha256:e88d5e6ad0d026fba7bdab8c3f225a69f063f116462c49892b0149e21b6c0a0e", size = 2235185 },
    { url = "https://files.pythonhosted.org/packages/f2/75/3cb820b2812405fc7feb3d0deb701ef0c3de93dc02597115e00704591bc9/pillow-10.4.0-cp38-cp38-win_amd64.whl", hash = "sha256:5161eef006d335e46895297f642341111945e2c1c899eb406882a6c61a4357ab", size = 2554594 },
    { url = "https://files.pythonhosted.org/packages/31/85/955fa5400fa8039921f630372cfe5056eed6e1b8e0430ee4507d7de48832/pillow-10.4.0-cp39-cp39-macosx_10_10_x86_64.whl", hash = "sha256:0ae24a547e8b711ccaaf99c9ae3cd975470e1a30caa80a6aaee9a2f19c05701d", size = 3509283 },
    { url = "https://files.pythonhosted.org/packages/23/9c/343827267eb28d41cd82b4180d33b10d868af9077abcec0af9793aa77d2d/pillow-10.4.0-cp39-cp39-macosx_11_0_arm64.whl", hash = "sha256:298478fe4f77a4408895605f3482b6cc6222c018b2ce565c2b6b9c354ac3229b", size = 3375691 },
    { url = "https://files.pythonhosted.org/packages/60/a3/7ebbeabcd341eab722896d1a5b59a3df98c4b4d26cf4b0385f8aa94296f7/pillow-10.4.0-cp39-cp39-manylinux_2_17_aarch64.manylinux2014_aarch64.whl", hash = "sha256:134ace6dc392116566980ee7436477d844520a26a4b1bd4053f6f47d096997fd", size = 4328295 },
    { url = "https://files.pythonhosted.org/packages/32/3f/c02268d0c6fb6b3958bdda673c17b315c821d97df29ae6969f20fb49388a/pillow-10.4.0-cp39-cp39-manylinux_2_17_x86_64.manylinux2014_x86_64.whl", hash = "sha256:930044bb7679ab003b14023138b50181899da3f25de50e9dbee23b61b4de2126", size = 4440810 },
    { url = "https://files.pythonhosted.org/packages/67/5d/1c93c8cc35f2fdd3d6cc7e4ad72d203902859a2867de6ad957d9b708eb8d/pillow-10.4.0-cp39-cp39-manylinux_2_28_aarch64.whl", hash = "sha256:c76e5786951e72ed3686e122d14c5d7012f16c8303a674d18cdcd6d89557fc5b", size = 4352283 },
    { url = "https://files.pythonhosted.org/packages/bc/a8/8655557c9c7202b8abbd001f61ff36711cefaf750debcaa1c24d154ef602/pillow-10.4.0-cp39-cp39-manylinux_2_28_x86_64.whl", hash = "sha256:b2724fdb354a868ddf9a880cb84d102da914e99119211ef7ecbdc613b8c96b3c", size = 4521800 },
    { url = "https://files.pythonhosted.org/packages/58/78/6f95797af64d137124f68af1bdaa13b5332da282b86031f6fa70cf368261/pillow-10.4.0-cp39-cp39-musllinux_1_2_aarch64.whl", hash = "sha256:dbc6ae66518ab3c5847659e9988c3b60dc94ffb48ef9168656e0019a93dbf8a1", size = 4459177 },
    { url = "https://files.pythonhosted.org/packages/8a/6d/2b3ce34f1c4266d79a78c9a51d1289a33c3c02833fe294ef0dcbb9cba4ed/pillow-10.4.0-cp39-cp39-musllinux_1_2_x86_64.whl", hash = "sha256:06b2f7898047ae93fad74467ec3d28fe84f7831370e3c258afa533f81ef7f3df", size = 4589079 },
    { url = "https://files.pythonhosted.org/packages/e3/e0/456258c74da1ff5bf8ef1eab06a95ca994d8b9ed44c01d45c3f8cbd1db7e/pillow-10.4.0-cp39-cp39-win32.whl", hash = "sha256:7970285ab628a3779aecc35823296a7869f889b8329c16ad5a71e4901a3dc4ef", size = 2235247 },
    { url = "https://files.pythonhosted.org/packages/37/f8/bef952bdb32aa53741f58bf21798642209e994edc3f6598f337f23d5400a/pillow-10.4.0-cp39-cp39-win_amd64.whl", hash = "sha256:961a7293b2457b405967af9c77dcaa43cc1a8cd50d23c532e62d48ab6cdd56f5", size = 2554479 },
    { url = "https://files.pythonhosted.org/packages/bb/8e/805201619cad6651eef5fc1fdef913804baf00053461522fabbc5588ea12/pillow-10.4.0-cp39-cp39-win_arm64.whl", hash = "sha256:32cda9e3d601a52baccb2856b8ea1fc213c90b340c542dcef77140dfa3278a9e", size = 2243226 },
    { url = "https://files.pythonhosted.org/packages/38/30/095d4f55f3a053392f75e2eae45eba3228452783bab3d9a920b951ac495c/pillow-10.4.0-pp310-pypy310_pp73-macosx_10_15_x86_64.whl", hash = "sha256:5b4815f2e65b30f5fbae9dfffa8636d992d49705723fe86a3661806e069352d4", size = 3493889 },
    { url = "https://files.pythonhosted.org/packages/f3/e8/4ff79788803a5fcd5dc35efdc9386af153569853767bff74540725b45863/pillow-10.4.0-pp310-pypy310_pp73-macosx_11_0_arm64.whl", hash = "sha256:8f0aef4ef59694b12cadee839e2ba6afeab89c0f39a3adc02ed51d109117b8da", size = 3346160 },
    { url = "https://files.pythonhosted.org/packages/d7/ac/4184edd511b14f760c73f5bb8a5d6fd85c591c8aff7c2229677a355c4179/pillow-10.4.0-pp310-pypy310_pp73-manylinux_2_17_aarch64.manylinux2014_aarch64.whl", hash = "sha256:9f4727572e2918acaa9077c919cbbeb73bd2b3ebcfe033b72f858fc9fbef0026", size = 3435020 },
    { url = "https://files.pythonhosted.org/packages/da/21/1749cd09160149c0a246a81d646e05f35041619ce76f6493d6a96e8d1103/pillow-10.4.0-pp310-pypy310_pp73-manylinux_2_17_x86_64.manylinux2014_x86_64.whl", hash = "sha256:ff25afb18123cea58a591ea0244b92eb1e61a1fd497bf6d6384f09bc3262ec3e", size = 3490539 },
    { url = "https://files.pythonhosted.org/packages/b6/f5/f71fe1888b96083b3f6dfa0709101f61fc9e972c0c8d04e9d93ccef2a045/pillow-10.4.0-pp310-pypy310_pp73-manylinux_2_28_aarch64.whl", hash = "sha256:dc3e2db6ba09ffd7d02ae9141cfa0ae23393ee7687248d46a7507b75d610f4f5", size = 3476125 },
    { url = "https://files.pythonhosted.org/packages/96/b9/c0362c54290a31866c3526848583a2f45a535aa9d725fd31e25d318c805f/pillow-10.4.0-pp310-pypy310_pp73-manylinux_2_28_x86_64.whl", hash = "sha256:02a2be69f9c9b8c1e97cf2713e789d4e398c751ecfd9967c18d0ce304efbf885", size = 3579373 },
    { url = "https://files.pythonhosted.org/packages/52/3b/ce7a01026a7cf46e5452afa86f97a5e88ca97f562cafa76570178ab56d8d/pillow-10.4.0-pp310-pypy310_pp73-win_amd64.whl", hash = "sha256:0755ffd4a0c6f267cccbae2e9903d95477ca2f77c4fcf3a3a09570001856c8a5", size = 2554661 },
    { url = "https://files.pythonhosted.org/packages/e1/1f/5a9fcd6ced51633c22481417e11b1b47d723f64fb536dfd67c015eb7f0ab/pillow-10.4.0-pp39-pypy39_pp73-macosx_10_15_x86_64.whl", hash = "sha256:a02364621fe369e06200d4a16558e056fe2805d3468350df3aef21e00d26214b", size = 3493850 },
    { url = "https://files.pythonhosted.org/packages/cb/e6/3ea4755ed5320cb62aa6be2f6de47b058c6550f752dd050e86f694c59798/pillow-10.4.0-pp39-pypy39_pp73-macosx_11_0_arm64.whl", hash = "sha256:1b5dea9831a90e9d0721ec417a80d4cbd7022093ac38a568db2dd78363b00908", size = 3346118 },
    { url = "https://files.pythonhosted.org/packages/0a/22/492f9f61e4648422b6ca39268ec8139277a5b34648d28f400faac14e0f48/pillow-10.4.0-pp39-pypy39_pp73-manylinux_2_17_aarch64.manylinux2014_aarch64.whl", hash = "sha256:9b885f89040bb8c4a1573566bbb2f44f5c505ef6e74cec7ab9068c900047f04b", size = 3434958 },
    { url = "https://files.pythonhosted.org/packages/f9/19/559a48ad4045704bb0547965b9a9345f5cd461347d977a56d178db28819e/pillow-10.4.0-pp39-pypy39_pp73-manylinux_2_17_x86_64.manylinux2014_x86_64.whl", hash = "sha256:87dd88ded2e6d74d31e1e0a99a726a6765cda32d00ba72dc37f0651f306daaa8", size = 3490340 },
    { url = "https://files.pythonhosted.org/packages/d9/de/cebaca6fb79905b3a1aa0281d238769df3fb2ede34fd7c0caa286575915a/pillow-10.4.0-pp39-pypy39_pp73-manylinux_2_28_aarch64.whl", hash = "sha256:2db98790afc70118bd0255c2eeb465e9767ecf1f3c25f9a1abb8ffc8cfd1fe0a", size = 3476048 },
    { url = "https://files.pythonhosted.org/packages/71/f0/86d5b2f04693b0116a01d75302b0a307800a90d6c351a8aa4f8ae76cd499/pillow-10.4.0-pp39-pypy39_pp73-manylinux_2_28_x86_64.whl", hash = "sha256:f7baece4ce06bade126fb84b8af1c33439a76d8a6fd818970215e0560ca28c27", size = 3579366 },
    { url = "https://files.pythonhosted.org/packages/37/ae/2dbfc38cc4fd14aceea14bc440d5151b21f64c4c3ba3f6f4191610b7ee5d/pillow-10.4.0-pp39-pypy39_pp73-win_amd64.whl", hash = "sha256:cfdd747216947628af7b259d274771d84db2268ca062dd5faf373639d00113a3", size = 2554652 },
]

[[package]]
name = "pillow-heif"
version = "0.18.0"
source = { registry = "https://pypi.org/simple" }
dependencies = [
    { name = "pillow" },
]
sdist = { url = "https://files.pythonhosted.org/packages/c9/bb/e7797fe7f5cad447bb470f916ead38f0929e8d28bdf6bd5d9f31dfe1ac26/pillow_heif-0.18.0.tar.gz", hash = "sha256:70318dad9faa76121c6592ac0ab59881ff0dac6ab791a922e70d82c7706cce88", size = 16172675 }
wheels = [
    { url = "https://files.pythonhosted.org/packages/a4/51/c647d81a240147c40836219c8f51fa89773569b65f350eaf364379b6e6d1/pillow_heif-0.18.0-cp310-cp310-macosx_12_0_x86_64.whl", hash = "sha256:e1ad1d97f42fc39de8639b3f45d4d053e00158fc64f1674a14d8912cf81791e3", size = 5278320 },
    { url = "https://files.pythonhosted.org/packages/74/d7/27b6a136f09c1d86ad94f6a3e133e2ea44e949c43f0a4fd4b84ae4194821/pillow_heif-0.18.0-cp310-cp310-macosx_14_0_arm64.whl", hash = "sha256:c45b8d19d8bb1fc61f1f648d042da16d9085506055665a64b56ce8d8ed83c42b", size = 3732531 },
    { url = "https://files.pythonhosted.org/packages/b6/06/8d8734be6ca19a2c2f0010b406dc571906e7a285c4af97d648c07e1098e9/pillow_heif-0.18.0-cp310-cp310-manylinux_2_17_aarch64.manylinux2014_aarch64.whl", hash = "sha256:d524458837bdc5410f66de8e68e864bd179d19a1c205daf7f8c9a07194cc5615", size = 6760039 },
    { url = "https://files.pythonhosted.org/packages/e5/a5/c47f7df81f5fe3c9b90752c872299b9bbeac17129769ec78648e205e3e70/pillow_heif-0.18.0-cp310-cp310-manylinux_2_17_x86_64.manylinux2014_x86_64.whl", hash = "sha256:2f032593b3cfc96970efc91860ef6eaa62b1e661418d7f9ec186dff9ac7c9844", size = 7585862 },
    { url = "https://files.pythonhosted.org/packages/f3/6c/9010dbc8ffe3e7d1d5b25c3074f99ac67598eb976c978716174dc6703da6/pillow_heif-0.18.0-cp310-cp310-musllinux_1_2_aarch64.whl", hash = "sha256:06649ea6bfac8ca5e7ac898c78c4aad2fd0bc1ce278fa86c503170010902193b", size = 8119018 },
    { url = "https://files.pythonhosted.org/packages/af/15/ef96967a5862023c2705da4f7e4f1da81081a63cd67c7a7d4a0e0b264227/pillow_heif-0.18.0-cp310-cp310-musllinux_1_2_x86_64.whl", hash = "sha256:8612f4c2e8a3388647c3ce0b7810398cf941aceecd4b2c7790331a53117baf10", size = 8849912 },
    { url = "https://files.pythonhosted.org/packages/24/73/4524c0773bdb18cc56824a5f6a3215140787723f3ed16044122815e4dd66/pillow_heif-0.18.0-cp310-cp310-win_amd64.whl", hash = "sha256:a7cc374452f5b00cf44171a7bfc08c016b0c0a9f226a99369ffbeb13fd45fa7b", size = 8547658 },
    { url = "https://files.pythonhosted.org/packages/35/d0/a0ae135a69f5231c3d0c6be5ebd0581ab1d0dba070a85b21f3ee11eb5de6/pillow_heif-0.18.0-cp311-cp311-macosx_12_0_x86_64.whl", hash = "sha256:a5d8bfcf8b23b67b8937bcc25fd464f1ca383d3d1d65220463be81ccf6c8185b", size = 5278319 },
    { url = "https://files.pythonhosted.org/packages/fb/bf/9673bdd6eb98cb31d1c2281647f225ada9a57ada5b812502740681f5b718/pillow_heif-0.18.0-cp311-cp311-macosx_14_0_arm64.whl", hash = "sha256:2a4c41e76f2da4e046f170cb3716b7aedc466a194509bc0bf1a7c735d5278b8c", size = 3732532 },
    { url = "https://files.pythonhosted.org/packages/d1/d5/4fd2033fac2c46ed28cd2468a36ab6f6c03188c98666614129fb54fea275/pillow_heif-0.18.0-cp311-cp311-manylinux_2_17_aarch64.manylinux2014_aarch64.whl", hash = "sha256:68781589ee03bf4bd670e55444c25cb0784451b0beacfb0f79d7f56ae497a767", size = 6761591 },
    { url = "https://files.pythonhosted.org/packages/2a/4e/8de02c206f2b850b3df14e159223b8419a6b657e0bf3169aedaee788a067/pillow_heif-0.18.0-cp311-cp311-manylinux_2_17_x86_64.manylinux2014_x86_64.whl", hash = "sha256:b8782f9f82c534f4a37ce3c609505f992f340a495da1247951108218a201d0e9", size = 7587435 },
    { url = "https://files.pythonhosted.org/packages/9e/6c/1e4fb6147ddef3655424926d88b82b57d05d4c9310b7acf93509cccf8f84/pillow_heif-0.18.0-cp311-cp311-musllinux_1_2_aarch64.whl", hash = "sha256:2902460d60843e2c379320f1b752a6d4879e3ab0479674ee323d7dee487cccc8", size = 8120718 },
    { url = "https://files.pythonhosted.org/packages/97/e3/cd22b052a08f95fd19c1564144aabc20ec6c1030754fd589c13708fc07ae/pillow_heif-0.18.0-cp311-cp311-musllinux_1_2_x86_64.whl", hash = "sha256:c8bebd570446a7b4f7db5ca8eb333dd4591fda13524bc49eee34b3f5cf40741b", size = 8851470 },
    { url = "https://files.pythonhosted.org/packages/35/6c/6ad04cd27338c4cd92c8b09eedd35f0c81f580918a669560a8a32ad7d186/pillow_heif-0.18.0-cp311-cp311-win_amd64.whl", hash = "sha256:4476bbd7bb7cc1d94c35f0c85786dbe528661bc937422db03fdc865b9ee91d30", size = 8547660 },
    { url = "https://files.pythonhosted.org/packages/5a/48/4bdce48d77c307b50bba0c77d6485e156f0fefcca273ce007351ad1deb40/pillow_heif-0.18.0-cp312-cp312-macosx_12_0_x86_64.whl", hash = "sha256:c795e7ccceea33e01e49ce536139f94cabb1bf017393666f76c05a9daebae2da", size = 5279030 },
    { url = "https://files.pythonhosted.org/packages/3c/d8/8f2f8f44b6fc3689ace680b21655a0eabb1393f8e66b8851b0f95b8aac1c/pillow_heif-0.18.0-cp312-cp312-macosx_14_0_arm64.whl", hash = "sha256:4dd5b3ec09be45c1ef63be31773df90e18ee08e5e950018b0a349924b54a24ac", size = 3732529 },
    { url = "https://files.pythonhosted.org/packages/f8/61/f0aac50a7ad051e1cb71ed7a8d3a94b5e54ea8ed1acb03586f0fcdebd730/pillow_heif-0.18.0-cp312-cp312-manylinux_2_17_aarch64.manylinux2014_aarch64.whl", hash = "sha256:eb2eade59c2654c2643a3b637de37c19e75a77c66a3e9a5e0ae26210e4f48aee", size = 6759746 },
    { url = "https://files.pythonhosted.org/packages/4b/71/a8b3684f64307b96ea0ae14594564b41fdf4d4a6f7df5ef73d180a71db5d/pillow_heif-0.18.0-cp312-cp312-manylinux_2_17_x86_64.manylinux2014_x86_64.whl", hash = "sha256:35b59d599bfdb8454739db6b92f0841ecadbe887babb5ed5abd5299587843eef", size = 7586203 },
    { url = "https://files.pythonhosted.org/packages/d8/59/3b1c90f7d366fb653f5f072803ae6350e608bea0d0d0ea65d6e7764c470f/pillow_heif-0.18.0-cp312-cp312-musllinux_1_2_aarch64.whl", hash = "sha256:26a0b8b8e899e7bcc876ee61fcadb0f0b849bd6a0d5c20f0e969c77a43b40568", size = 8119771 },
    { url = "https://files.pythonhosted.org/packages/48/20/a72297dc260d0bf8fce8f209d36ceb498b2f1e8beb478a0ab3f565c9a3c9/pillow_heif-0.18.0-cp312-cp312-musllinux_1_2_x86_64.whl", hash = "sha256:0276a3e0c667677ed0c67f4512cdf2f674065018049307ba4de5cb4648b0a33e", size = 8850943 },
    { url = "https://files.pythonhosted.org/packages/12/98/2bcb2790618cfb8ce2054256a4d3bc2597288bf82444cc87fdc815484c38/pillow_heif-0.18.0-cp312-cp312-win_amd64.whl", hash = "sha256:5916fa31f2015626dd2372d14e24521ea6caed11b25be14faa9b9c67731087ce", size = 8547707 },
    { url = "https://files.pythonhosted.org/packages/7b/63/3f2b414d86ddadb79c6ee43bf88fc88b7b947983e7780c69ae2cc431f613/pillow_heif-0.18.0-cp313-cp313-macosx_12_0_x86_64.whl", hash = "sha256:ca554f086bc146f1a798adcd77fdecd81564cc0cd74802ee61e3869ab87282f7", size = 5279034 },
    { url = "https://files.pythonhosted.org/packages/29/e0/f398fa67928dc24d45662e4dac6c686fce9536786bcc6a251c4936ce95c0/pillow_heif-0.18.0-cp313-cp313-macosx_14_0_arm64.whl", hash = "sha256:2821d30d22bbb94c2a0fae25eb566421bf22c909958e031d3f0973b482b88515", size = 3732522 },
    { url = "https://files.pythonhosted.org/packages/84/8f/65caf4adbe8d896c8373e82643059424001ee6519b819fb1920d5eb8f74c/pillow_heif-0.18.0-cp313-cp313-manylinux_2_17_aarch64.manylinux2014_aarch64.whl", hash = "sha256:8376309e178f39a2891183cb9662f1c2c87b8614ff13871f077f89edf65ecf48", size = 6759657 },
    { url = "https://files.pythonhosted.org/packages/61/17/c3ae8b3bc6a001ea86720c8be77e3120d0225e93f7c8762911d020940b23/pillow_heif-0.18.0-cp313-cp313-manylinux_2_17_x86_64.manylinux2014_x86_64.whl", hash = "sha256:3549e26a65e04e7e986888993b03aae0f848576c2404b5edf12d7db76ef2e72b", size = 7586124 },
    { url = "https://files.pythonhosted.org/packages/90/de/f8918a1afcd2edb513995c2dcb3c195d44300782cafd4e6a12d8b58d07b4/pillow_heif-0.18.0-cp313-cp313-musllinux_1_2_aarch64.whl", hash = "sha256:0138a08ed90e54c230878c0b8cb92447ad591b7b2e86bfca145029322ba384c7", size = 8119727 },
    { url = "https://files.pythonhosted.org/packages/17/d2/6145fe35b4ef257e8739834911a5fc50d93f338437b318682ab9b9a6656e/pillow_heif-0.18.0-cp313-cp313-musllinux_1_2_x86_64.whl", hash = "sha256:f552419c8bd754603f1dfbc7f8cdd666118fdd3d063d67974c5bd5a8d7fed9de", size = 8850930 },
    { url = "https://files.pythonhosted.org/packages/d5/1c/18534a12f8b253cc50ac4ce8bd80ab82aac657ba82fefed13f16ae2802b3/pillow_heif-0.18.0-cp313-cp313-win_amd64.whl", hash = "sha256:be148b8463ac5d25fdf94d70c69a53712890cd3974ead906c98e7bf35fc96ba6", size = 8547707 },
    { url = "https://files.pythonhosted.org/packages/ca/af/82d521be4de9d10719bd5633bc75d7eafcd6ae755e80d05b4665449e4ceb/pillow_heif-0.18.0-cp38-cp38-macosx_12_0_x86_64.whl", hash = "sha256:bca173920f16ea8d1c40a970f002be15ac34a5fa99d39403a85472e265db2357", size = 5278319 },
    { url = "https://files.pythonhosted.org/packages/62/a9/5471d363285b48e7a6f7cfe04d9f79130b7d870bd293b14cc776c9234646/pillow_heif-0.18.0-cp38-cp38-manylinux_2_17_aarch64.manylinux2014_aarch64.whl", hash = "sha256:d8e8e9860259688700f13baed015632c4ddaf813d26cc856e37ebf0a3f171661", size = 6760319 },
    { url = "https://files.pythonhosted.org/packages/16/83/ae31ee5531d391aac06c5f30d2de5173d62e7e05fd2b8be986e4c73dfb31/pillow_heif-0.18.0-cp38-cp38-manylinux_2_17_x86_64.manylinux2014_x86_64.whl", hash = "sha256:21b9080d96d51158774e3022fc9af19b650863cbb23fac991458cb354b1aa63d", size = 7586059 },
    { url = "https://files.pythonhosted.org/packages/9d/50/8aa23ab2d19677bf583edfe8c34030775e08aefca7af3c7ed546ffceee6a/pillow_heif-0.18.0-cp38-cp38-musllinux_1_2_aarch64.whl", hash = "sha256:5b2ee478e373c0502dc431b22840dd0c551c4ce0e1007ab13f038a868ed375c1", size = 8119725 },
    { url = "https://files.pythonhosted.org/packages/c7/01/fd4cb101940148aac6e1f5d475612cefe2cf5a5b70bc32503020c49458b9/pillow_heif-0.18.0-cp38-cp38-musllinux_1_2_x86_64.whl", hash = "sha256:35d2d7199dc34f28aef39cec984c043b1ee30d5c46048566584dc61cf4108c09", size = 8850606 },
    { url = "https://files.pythonhosted.org/packages/10/82/75b9445aec5dbe5147aab8b7ecea57a660e66b2afdce3cfec3d94dab1a6c/pillow_heif-0.18.0-cp38-cp38-win_amd64.whl", hash = "sha256:d399ac5fb499c8feb9770503db25073dfeaccd01238bcb6aaf01354cd83db123", size = 8548553 },
    { url = "https://files.pythonhosted.org/packages/0e/a1/664d7ea319e01cdc822b5a79b40a2cf4c1f190def2872e569face8d79bb0/pillow_heif-0.18.0-cp39-cp39-macosx_12_0_x86_64.whl", hash = "sha256:3af89fa7a73143bc49fc18f92b1a6c0fa68ecb56fb56224fb369c2f56729fbb6", size = 5278313 },
    { url = "https://files.pythonhosted.org/packages/26/5d/147f3cfcf029870f8715f49ddbf1dd7a0bb387bb339ef8b7f6c4b04ba32d/pillow_heif-0.18.0-cp39-cp39-macosx_14_0_arm64.whl", hash = "sha256:8b0b9a66e604aef2d0a19a7cb2247c5f9b3352827bb1b00816053ce4982ec8ab", size = 3732537 },
    { url = "https://files.pythonhosted.org/packages/b4/d3/a1d91fb244a2bdfc15bba34dcad38c549179d43555437b3af72405fb4fe0/pillow_heif-0.18.0-cp39-cp39-manylinux_2_17_aarch64.manylinux2014_aarch64.whl", hash = "sha256:02af8950d190e3bea28ed2d0ca40798eeae88eaf6e099ee44ec654667f979d97", size = 6759541 },
    { url = "https://files.pythonhosted.org/packages/b6/dd/faf25a5b12d46877df3a42ab3a712bd91b7ef50e77d4b95267a47dc6d5d7/pillow_heif-0.18.0-cp39-cp39-manylinux_2_17_x86_64.manylinux2014_x86_64.whl", hash = "sha256:165430447de0f7da259eb07d9487571784912a64c75cd0c52d0d506c114ec7ce", size = 7585328 },
    { url = "https://files.pythonhosted.org/packages/ec/2c/22675ab48b78b53d7b72396968ab6c10f689e630fc39f587b9f106e79b7e/pillow_heif-0.18.0-cp39-cp39-musllinux_1_2_aarch64.whl", hash = "sha256:7666cbab98246cf9355625e66bf1bb885fdcf8ff4a917f4db04231e80ea692ee", size = 8118542 },
    { url = "https://files.pythonhosted.org/packages/22/45/49adc08afb8c9e7d1670cc17c24e6d9c8ee12580a36ebbf84858df670fe1/pillow_heif-0.18.0-cp39-cp39-musllinux_1_2_x86_64.whl", hash = "sha256:f403aadee232509ee2fdedbfda2dd0bae75098e70a8ddcc010061f92ab962517", size = 8849458 },
    { url = "https://files.pythonhosted.org/packages/12/19/30183a25e4d11d7233dfeccd4e4fdefb78e99946de0d1782cd6fca577d30/pillow_heif-0.18.0-cp39-cp39-win_amd64.whl", hash = "sha256:7ed6cc5ea21f04b15b7604e20592e0ee760ee10fb2da2209b85c94bf0b6f1034", size = 8548549 },
    { url = "https://files.pythonhosted.org/packages/95/a5/b2fcddccbec2b2d0711172809cd707cd5228e68388b7cbddf5e628f2698b/pillow_heif-0.18.0-pp310-pypy310_pp73-macosx_12_0_x86_64.whl", hash = "sha256:744b8a00a817e7139a7e2fd296092689116700dfd63e34941abdc8ae85b3a982", size = 5275624 },
    { url = "https://files.pythonhosted.org/packages/c5/b6/7c691b14d2e545f8f612fc8aab229728bba0a78be40ed02ee7d1f81eb9c3/pillow_heif-0.18.0-pp310-pypy310_pp73-macosx_14_0_arm64.whl", hash = "sha256:89b1d63be7e8036ab45f0cd58e27e54113cfd7e852e91606b5cec4fa788a503f", size = 3729195 },
    { url = "https://files.pythonhosted.org/packages/da/4e/a2381848f85237a92856292bf4106414688283c19135151bd03ff436f468/pillow_heif-0.18.0-pp310-pypy310_pp73-manylinux_2_17_aarch64.manylinux2014_aarch64.whl", hash = "sha256:d9a8ab9803d79e84e7751cc0930d381112efbf71461ca123a5c2b7abf1050c72", size = 6721918 },
    { url = "https://files.pythonhosted.org/packages/55/6c/9a34c5812fc166ed495878516f13a558b71aeb8ac96531b9ffbf6976c417/pillow_heif-0.18.0-pp310-pypy310_pp73-manylinux_2_17_x86_64.manylinux2014_x86_64.whl", hash = "sha256:7649431ea30a9c342888d814f07d2aed9cab06ef5fe5bf065d514eceb2c8d24e", size = 7545710 },
    { url = "https://files.pythonhosted.org/packages/bf/4d/6b252a62a8c009400b962eea95fe479b27044d1bb06fd97cfe112ca24ed9/pillow_heif-0.18.0-pp310-pypy310_pp73-win_amd64.whl", hash = "sha256:8ee07e334f99bdf399d207bb19653496c65fcbf006f2cee964047f6d6d57acd9", size = 8548042 },
    { url = "https://files.pythonhosted.org/packages/1a/af/460449c0d87493cf485e7db11bd730b1e360997a808fde25d5db5846b1cd/pillow_heif-0.18.0-pp39-pypy39_pp73-macosx_12_0_x86_64.whl", hash = "sha256:4148a7f17d184c815f428949d6e60582136ef0802a7462c842ee9fe15ca9be16", size = 5275617 },
    { url = "https://files.pythonhosted.org/packages/ec/3f/07fd2e014dda68d3d5b2500b607d77c747929e3c74bad6f49864daad1648/pillow_heif-0.18.0-pp39-pypy39_pp73-macosx_14_0_arm64.whl", hash = "sha256:5908e8079f62ec8ace9e7c554691a82ece088d0945d980a877e981f208e85193", size = 3729209 },
    { url = "https://files.pythonhosted.org/packages/b3/b7/8381d5228b33ea78aaf00d9fa44a89f1476227bf2663b7bc0b5bb3169f03/pillow_heif-0.18.0-pp39-pypy39_pp73-manylinux_2_17_aarch64.manylinux2014_aarch64.whl", hash = "sha256:28358d5e4e3aeb4af2a60a20187099ba03ab8619bcec8212900657371778da96", size = 6721918 },
    { url = "https://files.pythonhosted.org/packages/33/c2/33a2067d45aea90662df0380878cbc2ee1b27da1776db134a4f8c0bc4246/pillow_heif-0.18.0-pp39-pypy39_pp73-manylinux_2_17_x86_64.manylinux2014_x86_64.whl", hash = "sha256:8988a9ce18425aff189913905ce28e61220061c3f222e08213eb473b88a41a20", size = 7545713 },
    { url = "https://files.pythonhosted.org/packages/03/48/ed622bfb10d7e3cc8cbd1085281cc71e77782329b370cdf0ffc35f8b6a3f/pillow_heif-0.18.0-pp39-pypy39_pp73-win_amd64.whl", hash = "sha256:7ef23775de70124a02ad9be69af58126ec63a2e2987495355e75cabb265c01cb", size = 8548973 },
]

[[package]]
name = "spatial-photo-viewer"
version = "1.0.0"
source = { virtual = "." }
dependencies = [
    { name = "pillow" },
    { name = "pillow-heif" },
]

[package.metadata]
requires-dist = [
    { name = "pillow", specifier = ">=10.0.0" },
    { name = "pillow-heif", specifier = ">=0.13.0" },
]
